
Microsoft Visual Studio Solution File, Format Version 12.00
# Visual Studio 15
VisualStudioVersion = 15.0.28307.645
MinimumVisualStudioVersion = 10.0.40219.1
Project("{FAE04EC0-301F-11D3-BF4B-00C04F79EFBC}") = "AWS_Demo", "AWS_Demo\AWS_Demo.csproj", "{0EBE2F1A-DCD1-407B-95A3-23FA739D2884}"
EndProject
Global
	GlobalSection(SolutionConfigurationPlatforms) = preSolution
		Debug|Any CPU = Debug|Any CPU
		Release|Any CPU = Release|Any CPU
	EndGlobalSection
	GlobalSection(ProjectConfigurationPlatforms) = postSolution
		{0EBE2F1A-DCD1-407B-95A3-23FA739D2884}.Debug|Any CPU.ActiveCfg = Debug|Any CPU
		{0EBE2F1A-DCD1-407B-95A3-23FA739D2884}.Debug|Any CPU.Build.0 = Debug|Any CPU
		{0EBE2F1A-DCD1-407B-95A3-23FA739D2884}.Release|Any CPU.ActiveCfg = Release|Any CPU
		{0EBE2F1A-DCD1-407B-95A3-23FA739D2884}.Release|Any CPU.Build.0 = Release|Any CPU
	EndGlobalSection
	GlobalSection(SolutionProperties) = preSolution
		HideSolutionNode = FALSE
	EndGlobalSection
	GlobalSection(ExtensibilityGlobals) = postSolution
		SolutionGuid = {763BA365-F7EB-4DFB-9A8D-8F890CA87362}
	EndGlobalSection
EndGlobal
